# THIS IS AN AUTOGENERATED FILE. DO NOT EDIT THIS FILE DIRECTLY.
# yarn lockfile v1


"@esbuild/win32-x64@0.21.5":
  version "0.21.5"
  resolved "https://registry.npmjs.org/@esbuild/win32-x64/-/win32-x64-0.21.5.tgz"
  integrity sha512-tQd/1efJuzPC6rCFwEvLtci/xNFcTZknmXs98FYDfGE4wP9ClFV98nyKrzJKVPMhdDnjzLhdUyMX4PsQAPjwIw==

"@rolldown/pluginutils@1.0.0-beta.27":
  version "1.0.0-beta.27"
  resolved "https://registry.npmjs.org/@rolldown/pluginutils/-/pluginutils-1.0.0-beta.27.tgz"
  integrity sha512-+d0F4MKMCbeVUJwG96uQ4SgAznZNSq93I3V+9NHA4OpvqG8mRCpGdKmK8l/dl02h2CCDHwW2FqilnTyDcAnqjA==

"@rollup/rollup-win32-x64-gnu@4.60.2":
  version "4.60.2"
  resolved "https://registry.npmjs.org/@rollup/rollup-win32-x64-gnu/-/rollup-win32-x64-gnu-4.60.2.tgz"
  integrity sha512-qdAzEULD+/hzObedtmV6iBpdL5TIbKVztGiK7O3/KYSf+HIzU257+MX1EXJcyIiDbMAqmbwaufcYPvyRryeZtA==

"@rollup/rollup-win32-x64-msvc@4.60.2":
  version "4.60.2"
  resolved "https://registry.npmjs.org/@rollup/rollup-win32-x64-msvc/-/rollup-win32-x64-msvc-4.60.2.tgz"
  integrity sha512-Nd/SgG27WoA9e+/TdK74KnHz852TLa94ovOYySo/yMPuTmpckK/jIF2jSwS3g7ELSKXK13/cVdmg1Z/DaCWKxA==

"@swc/core-win32-x64-msvc@1.15.32":
  version "1.15.32"
  resolved "https://registry.npmjs.org/@swc/core-win32-x64-msvc/-/core-win32-x64-msvc-1.15.32.tgz"
  integrity sha512-gbc2bQ/T2CiR+w0OvcVKwLOFAcPZBvmWmolbwpg1E8UrpeC03DGtyMUApOHNXNYWA3SHFrYXCQtosrcMza1YFg==

"@swc/core@^1.12.11":
  version "1.15.32"
  resolved "https://registry.npmjs.org/@swc/core/-/core-1.15.32.tgz"
  integrity sha512-/eWL0n43D64QWEUHLtTE+jDqjkJhyidjkDhv6f0uJohOUAhywxQ9wXYp845DNNds0JpCdI4Uo0a9bl+vbXf+ew==
  dependencies:
    "@swc/counter" "^0.1.3"
    "@swc/types" "^0.1.26"
  optionalDependencies:
    "@swc/core-darwin-arm64" "1.15.32"
    "@swc/core-darwin-x64" "1.15.32"
    "@swc/core-linux-arm-gnueabihf" "1.15.32"
    "@swc/core-linux-arm64-gnu" "1.15.32"
    "@swc/core-linux-arm64-musl" "1.15.32"
    "@swc/core-linux-ppc64-gnu" "1.15.32"
    "@swc/core-linux-s390x-gnu" "1.15.32"
    "@swc/core-linux-x64-gnu" "1.15.32"
    "@swc/core-linux-x64-musl" "1.15.32"
    "@swc/core-win32-arm64-msvc" "1.15.32"
    "@swc/core-win32-ia32-msvc" "1.15.32"
    "@swc/core-win32-x64-msvc" "1.15.32"

"@swc/counter@^0.1.3":
  version "0.1.3"
  resolved "https://registry.npmjs.org/@swc/counter/-/counter-0.1.3.tgz"
  integrity sha512-e2BR4lsJkkRlKZ/qCHPw9ZaSxc0MVUd7gtbtaB7aMvHeJVYe8sOB8DBZkP2DtISHGSku9sCK6T6cnY0CtXrOCQ==

"@swc/types@^0.1.26":
  version "0.1.26"
  resolved "https://registry.npmjs.org/@swc/types/-/types-0.1.26.tgz"
  integrity sha512-lyMwd7WGgG79RS7EERZV3T8wMdmPq3xwyg+1nmAM64kIhx5yl+juO2PYIHb7vTiPgPCj8LYjsNV2T5wiQHUEaw==
  dependencies:
    "@swc/counter" "^0.1.3"

"@types/estree@1.0.8":
  version "1.0.8"
  resolved "https://registry.npmjs.org/@types/estree/-/estree-1.0.8.tgz"
  integrity sha512-dWHzHa2WqEXI/O1E9OjrocMTKJl2mSrEolh1Iomrv6U+JuNwaHXsXx9bLu5gG7BUWFIN0skIQJQ/L1rIex4X6w==

"@types/prop-types@*":
  version "15.7.15"
  resolved "https://registry.npmjs.org/@types/prop-types/-/prop-types-15.7.15.tgz"
  integrity sha512-F6bEyamV9jKGAFBEmlQnesRPGOQqS2+Uwi0Em15xenOxHaf2hv6L8YCVn3rPdPJOiJfPiCnLIRyvwVaqMY3MIw==

"@types/react-dom@^18.2.17":
  version "18.3.7"
  resolved "https://registry.npmjs.org/@types/react-dom/-/react-dom-18.3.7.tgz"
  integrity sha512-MEe3UeoENYVFXzoXEWsvcpg6ZvlrFNlOQ7EOsvhI3CfAXwzPfO8Qwuxd40nepsYKqyyVQnTdEfv68q91yLcKrQ==

"@types/react@^18.0.0", "@types/react@^18.2.43":
  version "18.3.28"
  resolved "https://registry.npmjs.org/@types/react/-/react-18.3.28.tgz"
  integrity sha512-z9VXpC7MWrhfWipitjNdgCauoMLRdIILQsAEV+ZesIzBq/oUlxk0m3ApZuMFCXdnS4U7KrI+l3WRUEGQ8K1QKw==
  dependencies:
    "@types/prop-types" "*"
    csstype "^3.2.2"

"@vitejs/plugin-react-swc@^3.5.0":
  version "3.11.0"
  resolved "https://registry.npmjs.org/@vitejs/plugin-react-swc/-/plugin-react-swc-3.11.0.tgz"
  integrity sha512-YTJCGFdNMHCMfjODYtxRNVAYmTWQ1Lb8PulP/2/f/oEEtglw8oKxKIZmmRkyXrVrHfsKOaVkAc3NT9/dMutO5w==
  dependencies:
    "@rolldown/pluginutils" "1.0.0-beta.27"
    "@swc/core" "^1.12.11"

"@wailsio/runtime@latest":
  version "3.0.0-alpha.79"
  resolved "https://registry.npmjs.org/@wailsio/runtime/-/runtime-3.0.0-alpha.79.tgz"
  integrity sha512-NITzxKmJsMEruc39L166lbPJVECxzcbdqpHVqOOF7Cu/7Zqk/e3B/gNpkUjhNyo5rVb3V1wpS8oEgLUmpu1cwA==

csstype@^3.2.2:
  version "3.2.3"
  resolved "https://registry.npmjs.org/csstype/-/csstype-3.2.3.tgz"
  integrity sha512-z1HGKcYy2xA8AGQfwrn0PAy+PB7X/GSj3UVJW9qKyn43xWa+gl5nXmU4qqLMRzWVLFC8KusUX8T/0kCiOYpAIQ==

esbuild@^0.21.3:
  version "0.21.5"
  resolved "https://registry.npmjs.org/esbuild/-/esbuild-0.21.5.tgz"
  integrity sha512-mg3OPMV4hXywwpoDxu3Qda5xCKQi+vCTZq8S9J/EpkhB2HzKXq4SNFZE3+NK93JYxc8VMSep+lOUSC/RVKaBqw==
  optionalDependencies:
    "@esbuild/aix-ppc64" "0.21.5"
    "@esbuild/android-arm" "0.21.5"
    "@esbuild/android-arm64" "0.21.5"
    "@esbuild/android-x64" "0.21.5"
    "@esbuild/darwin-arm64" "0.21.5"
    "@esbuild/darwin-x64" "0.21.5"
    "@esbuild/freebsd-arm64" "0.21.5"
    "@esbuild/freebsd-x64" "0.21.5"
    "@esbuild/linux-arm" "0.21.5"
    "@esbuild/linux-arm64" "0.21.5"
    "@esbuild/linux-ia32" "0.21.5"
    "@esbuild/linux-loong64" "0.21.5"
    "@esbuild/linux-mips64el" "0.21.5"
    "@esbuild/linux-ppc64" "0.21.5"
    "@esbuild/linux-riscv64" "0.21.5"
    "@esbuild/linux-s390x" "0.21.5"
    "@esbuild/linux-x64" "0.21.5"
    "@esbuild/netbsd-x64" "0.21.5"
    "@esbuild/openbsd-x64" "0.21.5"
    "@esbuild/sunos-x64" "0.21.5"
    "@esbuild/win32-arm64" "0.21.5"
    "@esbuild/win32-ia32" "0.21.5"
    "@esbuild/win32-x64" "0.21.5"

"js-tokens@^3.0.0 || ^4.0.0":
  version "4.0.0"
  resolved "https://registry.npmjs.org/js-tokens/-/js-tokens-4.0.0.tgz"
  integrity sha512-RdJUflcE3cUzKiMqQgsCu06FPu9UdIJO0beYbPhHN4k6apgJtifcoCtT9bcxOpYBtpD2kCM6Sbzg4CausW/PKQ==

loose-envify@^1.1.0:
  version "1.4.0"
  resolved "https://registry.npmjs.org/loose-envify/-/loose-envify-1.4.0.tgz"
  integrity sha512-lyuxPGr/Wfhrlem2CL/UcnUc1zcqKAImBDzukY7Y5F/yQiNdko6+fRLevlw1HgMySw7f611UIY408EtxRSoK3Q==
  dependencies:
    js-tokens "^3.0.0 || ^4.0.0"

lucide-react@^1.14.0:
  version "1.14.0"
  resolved "https://registry.npmjs.org/lucide-react/-/lucide-react-1.14.0.tgz"
  integrity sha512-+1mdWcfSJVUsaTIjN9zoezmUhfXo5l0vP7ekBMPo3jcS/aIkxHnXqAPsByszMZx/Y8oQBRJxJx5xg+RH3urzxA==

nanoid@^3.3.11:
  version "3.3.11"
  resolved "https://registry.npmjs.org/nanoid/-/nanoid-3.3.11.tgz"
  integrity sha512-N8SpfPUnUp1bK+PMYW8qSWdl9U+wwNWI4QKxOYDy9JAro3WMX7p2OeVRF9v+347pnakNevPmiHhNmZ2HbFA76w==

picocolors@^1.1.1:
  version "1.1.1"
  resolved "https://registry.npmjs.org/picocolors/-/picocolors-1.1.1.tgz"
  integrity sha512-xceH2snhtb5M9liqDsmEw56le376mTZkEX/jEb/RxNFyegNul7eNslCXP9FDj/Lcu0X8KEyMceP2ntpaHrDEVA==

postcss@^8.4.43:
  version "8.5.12"
  resolved "https://registry.npmjs.org/postcss/-/postcss-8.5.12.tgz"
  integrity sha512-W62t/Se6rA0Az3DfCL0AqJwXuKwBeYg6nOaIgzP+xZ7N5BFCI7DYi1qs6ygUYT6rvfi6t9k65UMLJC+PHZpDAA==
  dependencies:
    nanoid "^3.3.11"
    picocolors "^1.1.1"
    source-map-js "^1.2.1"

react-dom@^18.2.0:
  version "18.3.1"
  resolved "https://registry.npmjs.org/react-dom/-/react-dom-18.3.1.tgz"
  integrity sha512-5m4nQKp+rZRb09LNH59GM4BxTh9251/ylbKIbpe7TpGxfJ+9kv6BLkLBXIjjspbgbnIBNqlI23tRnTWT0snUIw==
  dependencies:
    loose-envify "^1.1.0"
    scheduler "^0.23.2"

"react@^16.5.1 || ^17.0.0 || ^18.0.0 || ^19.0.0", react@^18.2.0, react@^18.3.1:
  version "18.3.1"
  resolved "https://registry.npmjs.org/react/-/react-18.3.1.tgz"
  integrity sha512-wS+hAgJShR0KhEvPJArfuPVN1+Hz1t0Y6n5jLrGQbkb4urgPE/0Rve+1kMB1v/oWgHgm4WIcV+i7F2pTVj+2iQ==
  dependencies:
    loose-envify "^1.1.0"

rollup@^4.20.0:
  version "4.60.2"
  resolved "https://registry.npmjs.org/rollup/-/rollup-4.60.2.tgz"
  integrity sha512-J9qZyW++QK/09NyN/zeO0dG/1GdGfyp9lV8ajHnRVLfo/uFsbji5mHnDgn/qYdUHyCkM2N+8VyspgZclfAh0eQ==
  dependencies:
    "@types/estree" "1.0.8"
  optionalDependencies:
    "@rollup/rollup-android-arm-eabi" "4.60.2"
    "@rollup/rollup-android-arm64" "4.60.2"
    "@rollup/rollup-darwin-arm64" "4.60.2"
    "@rollup/rollup-darwin-x64" "4.60.2"
    "@rollup/rollup-freebsd-arm64" "4.60.2"
    "@rollup/rollup-freebsd-x64" "4.60.2"
    "@rollup/rollup-linux-arm-gnueabihf" "4.60.2"
    "@rollup/rollup-linux-arm-musleabihf" "4.60.2"
    "@rollup/rollup-linux-arm64-gnu" "4.60.2"
    "@rollup/rollup-linux-arm64-musl" "4.60.2"
    "@rollup/rollup-linux-loong64-gnu" "4.60.2"
    "@rollup/rollup-linux-loong64-musl" "4.60.2"
    "@rollup/rollup-linux-ppc64-gnu" "4.60.2"
    "@rollup/rollup-linux-ppc64-musl" "4.60.2"
    "@rollup/rollup-linux-riscv64-gnu" "4.60.2"
    "@rollup/rollup-linux-riscv64-musl" "4.60.2"
    "@rollup/rollup-linux-s390x-gnu" "4.60.2"
    "@rollup/rollup-linux-x64-gnu" "4.60.2"
    "@rollup/rollup-linux-x64-musl" "4.60.2"
    "@rollup/rollup-openbsd-x64" "4.60.2"
    "@rollup/rollup-openharmony-arm64" "4.60.2"
    "@rollup/rollup-win32-arm64-msvc" "4.60.2"
    "@rollup/rollup-win32-ia32-msvc" "4.60.2"
    "@rollup/rollup-win32-x64-gnu" "4.60.2"
    "@rollup/rollup-win32-x64-msvc" "4.60.2"
    fsevents "~2.3.2"

scheduler@^0.23.2:
  version "0.23.2"
  resolved "https://registry.npmjs.org/scheduler/-/scheduler-0.23.2.tgz"
  integrity sha512-UOShsPwz7NrMUqhR6t0hWjFduvOzbtv7toDH1/hIrfRNIDBnnBWd0CwJTGvTpngVlmwGCdP9/Zl/tVrDqcuYzQ==
  dependencies:
    loose-envify "^1.1.0"

source-map-js@^1.2.1:
  version "1.2.1"
  resolved "https://registry.npmjs.org/source-map-js/-/source-map-js-1.2.1.tgz"
  integrity sha512-UXWMKhLOwVKb728IUtQPXxfYU+usdybtUrK/8uGE8CQMvrhOpwvzDBwj0QhSL7MQc7vIsISBG8VQ8+IDQxpfQA==

"vite@^4 || ^5 || ^6 || ^7", vite@^5.0.8:
  version "5.4.21"
  resolved "https://registry.npmjs.org/vite/-/vite-5.4.21.tgz"
  integrity sha512-o5a9xKjbtuhY6Bi5S3+HvbRERmouabWbyUcpXXUA1u+GNUKoROi9byOJ8M0nHbHYHkYICiMlqxkg1KkYmm25Sw==
  dependencies:
    esbuild "^0.21.3"
    postcss "^8.4.43"
    rollup "^4.20.0"
  optionalDependencies:
    fsevents "~2.3.3"
